
Microsoft Visual Studio Solution File, Format Version 12.00
# Visual Studio Version 17
VisualStudioVersion = 17.5.33502.453
MinimumVisualStudioVersion = 10.0.40219.1
Project("{FAE04EC0-301F-11D3-BF4B-00C04F79EFBC}") = "Movie-eTickets", "Movie-eTickets.csproj", "{B63C5119-E486-444E-A023-2A35E7D3BFE0}"
EndProject
Global
	GlobalSection(SolutionConfigurationPlatforms) = preSolution
		Debug|Any CPU = Debug|Any CPU
		Release|Any CPU = Release|Any CPU
	EndGlobalSection
	GlobalSection(ProjectConfigurationPlatforms) = postSolution
		{B63C5119-E486-444E-A023-2A35E7D3BFE0}.Debug|Any CPU.ActiveCfg = Debug|Any CPU
		{B63C5119-E486-444E-A023-2A35E7D3BFE0}.Debug|Any CPU.Build.0 = Debug|Any CPU
		{B63C5119-E486-444E-A023-2A35E7D3BFE0}.Release|Any CPU.ActiveCfg = Release|Any CPU
		{B63C5119-E486-444E-A023-2A35E7D3BFE0}.Release|Any CPU.Build.0 = Release|Any CPU
	EndGlobalSection
	GlobalSection(SolutionProperties) = preSolution
		HideSolutionNode = FALSE
	EndGlobalSection
	GlobalSection(ExtensibilityGlobals) = postSolution
		SolutionGuid = {A6498CCE-C26A-4E04-A407-2F2746217CD6}
	EndGlobalSection
EndGlobal
